# This file was autogenerated by Stack.
# You should not edit this file by hand.
# For more information, please see the documentation at:
#   https://docs.haskellstack.org/en/stable/lock_files

packages:
- completed:
    hackage: buffer-builder-0.2.4.5@sha256:ab66cc8a4c6132b4dba612dadd7089b7d46e05a223654df90dadd973297672ca,5167
    pantry-tree:
      size: 1159
      sha256: c86555762ec6d314a262ba5e66c209aacf539c92719964eee4d7937de5540109
  original:
    hackage: buffer-builder-0.2.4.5
snapshots:
- completed:
    size: 524786
    url: https://raw.githubusercontent.com/commercialhaskell/stackage-snapshots/master/lts/14/11.yaml
    sha256: 088bb91b545839510a41ae92fa5feb36779ef3529571a42bd12b9f51eb89ded3
  original: lts-14.11
